{
  "requires": true,
  "lockfileVersion": 1,
  "dependencies": {
    "apng2gif": {
      "version": "1.7.0",
      "resolved": "https://registry.nlark.com/apng2gif/download/apng2gif-1.7.0.tgz",
      "integrity": "sha1-aOc2EtmLG3deJiOnCKX5zsuwmVg=",
      "requires": {
        "apng2gif-bin": "1.7.1"
      }
    },
    "apng2gif-bin": {
      "version": "1.7.1",
      "resolved": "https://registry.nlark.com/apng2gif-bin/download/apng2gif-bin-1.7.1.tgz",
      "integrity": "sha1-Ku4UjibvlDc1AWu8DWCOGutupkU="
    }
  }
}
